
Microsoft Visual Studio Solution File, Format Version 11.00
# Visual Studio 2010
Project("{FAE04EC0-301F-11D3-BF4B-00C04F79EFBC}") = "schoolProject", "Assembly-CSharp-firstpass.csproj", "{B78DAD41-CE74-EF90-1052-42EDBDFD2BA5}"
EndProject
Project("{FAE04EC0-301F-11D3-BF4B-00C04F79EFBC}") = "schoolProject", "Assembly-CSharp.csproj", "{CC15A64C-C6A2-5FB7-E35D-25EF661F39F1}"
EndProject
Project("{FAE04EC0-301F-11D3-BF4B-00C04F79EFBC}") = "schoolProject", "Assembly-CSharp-Editor-firstpass.csproj", "{FB48F340-E2E2-8977-C486-0EBCE5566E8B}"
EndProject
Global
	GlobalSection(SolutionConfigurationPlatforms) = preSolution
		Debug|Any CPU = Debug|Any CPU
		Release|Any CPU = Release|Any CPU
	EndGlobalSection
	GlobalSection(ProjectConfigurationPlatforms) = postSolution
		{B78DAD41-CE74-EF90-1052-42EDBDFD2BA5}.Debug|Any CPU.ActiveCfg = Debug|Any CPU
		{B78DAD41-CE74-EF90-1052-42EDBDFD2BA5}.Debug|Any CPU.Build.0 = Debug|Any CPU
		{B78DAD41-CE74-EF90-1052-42EDBDFD2BA5}.Release|Any CPU.ActiveCfg = Release|Any CPU
		{B78DAD41-CE74-EF90-1052-42EDBDFD2BA5}.Release|Any CPU.Build.0 = Release|Any CPU
		{CC15A64C-C6A2-5FB7-E35D-25EF661F39F1}.Debug|Any CPU.ActiveCfg = Debug|Any CPU
		{CC15A64C-C6A2-5FB7-E35D-25EF661F39F1}.Debug|Any CPU.Build.0 = Debug|Any CPU
		{CC15A64C-C6A2-5FB7-E35D-25EF661F39F1}.Release|Any CPU.ActiveCfg = Release|Any CPU
		{CC15A64C-C6A2-5FB7-E35D-25EF661F39F1}.Release|Any CPU.Build.0 = Release|Any CPU
		{FB48F340-E2E2-8977-C486-0EBCE5566E8B}.Debug|Any CPU.ActiveCfg = Debug|Any CPU
		{FB48F340-E2E2-8977-C486-0EBCE5566E8B}.Debug|Any CPU.Build.0 = Debug|Any CPU
		{FB48F340-E2E2-8977-C486-0EBCE5566E8B}.Release|Any CPU.ActiveCfg = Release|Any CPU
		{FB48F340-E2E2-8977-C486-0EBCE5566E8B}.Release|Any CPU.Build.0 = Release|Any CPU
	EndGlobalSection
	GlobalSection(SolutionProperties) = preSolution
		HideSolutionNode = FALSE
	EndGlobalSection
	GlobalSection(MonoDevelopProperties) = preSolution
		StartupItem = Assembly-CSharp.csproj
	EndGlobalSection
EndGlobal
