
Microsoft Visual Studio Solution File, Format Version 11.00
# Visual Studio 2010
Project("{FAE04EC0-301F-11D3-BF4B-00C04F79EFBC}") = "Tour", "Assembly-CSharp-firstpass.csproj", "{9098391E-D8C5-6FE0-8D51-CDB36D525B6C}"
EndProject
Project("{FAE04EC0-301F-11D3-BF4B-00C04F79EFBC}") = "Tour", "Assembly-CSharp.csproj", "{620DB6C7-CE66-8FE1-A441-EF5D39807738}"
EndProject
Project("{FAE04EC0-301F-11D3-BF4B-00C04F79EFBC}") = "Tour", "Assembly-CSharp-Editor-firstpass.csproj", "{CBE8D75C-537D-3A98-572D-7BBAF6DFB595}"
EndProject
Global
	GlobalSection(SolutionConfigurationPlatforms) = preSolution
		Debug|Any CPU = Debug|Any CPU
		Release|Any CPU = Release|Any CPU
	EndGlobalSection
	GlobalSection(ProjectConfigurationPlatforms) = postSolution
		{9098391E-D8C5-6FE0-8D51-CDB36D525B6C}.Debug|Any CPU.ActiveCfg = Debug|Any CPU
		{9098391E-D8C5-6FE0-8D51-CDB36D525B6C}.Debug|Any CPU.Build.0 = Debug|Any CPU
		{9098391E-D8C5-6FE0-8D51-CDB36D525B6C}.Release|Any CPU.ActiveCfg = Release|Any CPU
		{9098391E-D8C5-6FE0-8D51-CDB36D525B6C}.Release|Any CPU.Build.0 = Release|Any CPU
		{620DB6C7-CE66-8FE1-A441-EF5D39807738}.Debug|Any CPU.ActiveCfg = Debug|Any CPU
		{620DB6C7-CE66-8FE1-A441-EF5D39807738}.Debug|Any CPU.Build.0 = Debug|Any CPU
		{620DB6C7-CE66-8FE1-A441-EF5D39807738}.Release|Any CPU.ActiveCfg = Release|Any CPU
		{620DB6C7-CE66-8FE1-A441-EF5D39807738}.Release|Any CPU.Build.0 = Release|Any CPU
		{CBE8D75C-537D-3A98-572D-7BBAF6DFB595}.Debug|Any CPU.ActiveCfg = Debug|Any CPU
		{CBE8D75C-537D-3A98-572D-7BBAF6DFB595}.Debug|Any CPU.Build.0 = Debug|Any CPU
		{CBE8D75C-537D-3A98-572D-7BBAF6DFB595}.Release|Any CPU.ActiveCfg = Release|Any CPU
		{CBE8D75C-537D-3A98-572D-7BBAF6DFB595}.Release|Any CPU.Build.0 = Release|Any CPU
	EndGlobalSection
	GlobalSection(SolutionProperties) = preSolution
		HideSolutionNode = FALSE
	EndGlobalSection
	GlobalSection(MonoDevelopProperties) = preSolution
		StartupItem = Assembly-CSharp.csproj
	EndGlobalSection
EndGlobal
